
Microsoft Visual Studio Solution File, Format Version 12.00
# Visual Studio Version 16
VisualStudioVersion = 16.0.30104.148
MinimumVisualStudioVersion = 10.0.40219.1
Project("{9A19103F-16F7-4668-BE54-9A1E7A4F7556}") = "Core", "Core\Core.csproj", "{E156789C-66BF-4A0A-A824-9DB57C3CF28F}"
EndProject
Project("{9A19103F-16F7-4668-BE54-9A1E7A4F7556}") = "Messaging", "Messaging\Messaging.csproj", "{8621EA01-3F47-4802-A64F-1F22F1BA9EF6}"
EndProject
Project("{9A19103F-16F7-4668-BE54-9A1E7A4F7556}") = "Persistence", "Persistence\Persistence.csproj", "{667C0859-FC2E-4F74-9B18-73BE03271CD6}"
EndProject
Project("{9A19103F-16F7-4668-BE54-9A1E7A4F7556}") = "WebApi", "WebApi\WebApi.csproj", "{031F9950-1189-4318-AB61-6DB4797C0DBF}"
EndProject
Project("{9A19103F-16F7-4668-BE54-9A1E7A4F7556}") = "Metrics.AspNetCore", "Metrics.AspNetCore\Metrics.AspNetCore.csproj", "{262A47B5-44F4-4ABA-958A-D4273DC12247}"
EndProject
Project("{9A19103F-16F7-4668-BE54-9A1E7A4F7556}") = "HealthCheck.AspNetCore", "HealthCheck.AspNetCore\HealthCheck.AspNetCore.csproj", "{C86BC4BA-3007-4784-80AF-58B3B3D1110B}"
EndProject
Project("{9A19103F-16F7-4668-BE54-9A1E7A4F7556}") = "Queries", "Queries\Queries.csproj", "{96EAA1A1-2974-42EE-B46C-67ABD11049A3}"
EndProject
Project("{9A19103F-16F7-4668-BE54-9A1E7A4F7556}") = "Persistence.UnitTests", "Persistence.UnitTests\Persistence.UnitTests.csproj", "{18050CA9-4C6A-49AF-932C-D8D26504822A}"
EndProject
Project("{2150E333-8FDC-42A3-9474-1A3956D46DE8}") = "01 Socle", "01 Socle", "{DFD2F102-3464-4C89-A6E6-29F7691FEA80}"
EndProject
Project("{2150E333-8FDC-42A3-9474-1A3956D46DE8}") = "02 Tests", "02 Tests", "{57DF6EF2-B4E2-48D4-96DE-E2F1D267CA04}"
EndProject
Project("{2150E333-8FDC-42A3-9474-1A3956D46DE8}") = "Solution Files", "Solution Files", "{2BC8F0CD-E0ED-4AFA-A1C0-B2237ABF0531}"
	ProjectSection(SolutionItems) = preProject
		Directory.Build.props = Directory.Build.props
	EndProjectSection
EndProject
Project("{9A19103F-16F7-4668-BE54-9A1E7A4F7556}") = "Extensions", "Extensions\Extensions.csproj", "{9873B979-4EC7-472F-896A-01615EFAE200}"
EndProject
Global
	GlobalSection(SolutionConfigurationPlatforms) = preSolution
		Debug|Any CPU = Debug|Any CPU
		Release|Any CPU = Release|Any CPU
	EndGlobalSection
	GlobalSection(ProjectConfigurationPlatforms) = postSolution
		{E156789C-66BF-4A0A-A824-9DB57C3CF28F}.Debug|Any CPU.ActiveCfg = Debug|Any CPU
		{E156789C-66BF-4A0A-A824-9DB57C3CF28F}.Debug|Any CPU.Build.0 = Debug|Any CPU
		{E156789C-66BF-4A0A-A824-9DB57C3CF28F}.Release|Any CPU.ActiveCfg = Release|Any CPU
		{E156789C-66BF-4A0A-A824-9DB57C3CF28F}.Release|Any CPU.Build.0 = Release|Any CPU
		{8621EA01-3F47-4802-A64F-1F22F1BA9EF6}.Debug|Any CPU.ActiveCfg = Debug|Any CPU
		{8621EA01-3F47-4802-A64F-1F22F1BA9EF6}.Debug|Any CPU.Build.0 = Debug|Any CPU
		{8621EA01-3F47-4802-A64F-1F22F1BA9EF6}.Release|Any CPU.ActiveCfg = Release|Any CPU
		{8621EA01-3F47-4802-A64F-1F22F1BA9EF6}.Release|Any CPU.Build.0 = Release|Any CPU
		{667C0859-FC2E-4F74-9B18-73BE03271CD6}.Debug|Any CPU.ActiveCfg = Debug|Any CPU
		{667C0859-FC2E-4F74-9B18-73BE03271CD6}.Debug|Any CPU.Build.0 = Debug|Any CPU
		{667C0859-FC2E-4F74-9B18-73BE03271CD6}.Release|Any CPU.ActiveCfg = Release|Any CPU
		{667C0859-FC2E-4F74-9B18-73BE03271CD6}.Release|Any CPU.Build.0 = Release|Any CPU
		{031F9950-1189-4318-AB61-6DB4797C0DBF}.Debug|Any CPU.ActiveCfg = Debug|Any CPU
		{031F9950-1189-4318-AB61-6DB4797C0DBF}.Debug|Any CPU.Build.0 = Debug|Any CPU
		{031F9950-1189-4318-AB61-6DB4797C0DBF}.Release|Any CPU.ActiveCfg = Release|Any CPU
		{031F9950-1189-4318-AB61-6DB4797C0DBF}.Release|Any CPU.Build.0 = Release|Any CPU
		{262A47B5-44F4-4ABA-958A-D4273DC12247}.Debug|Any CPU.ActiveCfg = Debug|Any CPU
		{262A47B5-44F4-4ABA-958A-D4273DC12247}.Debug|Any CPU.Build.0 = Debug|Any CPU
		{262A47B5-44F4-4ABA-958A-D4273DC12247}.Release|Any CPU.ActiveCfg = Release|Any CPU
		{262A47B5-44F4-4ABA-958A-D4273DC12247}.Release|Any CPU.Build.0 = Release|Any CPU
		{C86BC4BA-3007-4784-80AF-58B3B3D1110B}.Debug|Any CPU.ActiveCfg = Debug|Any CPU
		{C86BC4BA-3007-4784-80AF-58B3B3D1110B}.Debug|Any CPU.Build.0 = Debug|Any CPU
		{C86BC4BA-3007-4784-80AF-58B3B3D1110B}.Release|Any CPU.ActiveCfg = Release|Any CPU
		{C86BC4BA-3007-4784-80AF-58B3B3D1110B}.Release|Any CPU.Build.0 = Release|Any CPU
		{96EAA1A1-2974-42EE-B46C-67ABD11049A3}.Debug|Any CPU.ActiveCfg = Debug|Any CPU
		{96EAA1A1-2974-42EE-B46C-67ABD11049A3}.Debug|Any CPU.Build.0 = Debug|Any CPU
		{96EAA1A1-2974-42EE-B46C-67ABD11049A3}.Release|Any CPU.ActiveCfg = Release|Any CPU
		{96EAA1A1-2974-42EE-B46C-67ABD11049A3}.Release|Any CPU.Build.0 = Release|Any CPU
		{18050CA9-4C6A-49AF-932C-D8D26504822A}.Debug|Any CPU.ActiveCfg = Debug|Any CPU
		{18050CA9-4C6A-49AF-932C-D8D26504822A}.Debug|Any CPU.Build.0 = Debug|Any CPU
		{18050CA9-4C6A-49AF-932C-D8D26504822A}.Release|Any CPU.ActiveCfg = Release|Any CPU
		{18050CA9-4C6A-49AF-932C-D8D26504822A}.Release|Any CPU.Build.0 = Release|Any CPU
		{9873B979-4EC7-472F-896A-01615EFAE200}.Debug|Any CPU.ActiveCfg = Debug|Any CPU
		{9873B979-4EC7-472F-896A-01615EFAE200}.Debug|Any CPU.Build.0 = Debug|Any CPU
		{9873B979-4EC7-472F-896A-01615EFAE200}.Release|Any CPU.ActiveCfg = Release|Any CPU
		{9873B979-4EC7-472F-896A-01615EFAE200}.Release|Any CPU.Build.0 = Release|Any CPU
	EndGlobalSection
	GlobalSection(SolutionProperties) = preSolution
		HideSolutionNode = FALSE
	EndGlobalSection
	GlobalSection(NestedProjects) = preSolution
		{E156789C-66BF-4A0A-A824-9DB57C3CF28F} = {DFD2F102-3464-4C89-A6E6-29F7691FEA80}
		{8621EA01-3F47-4802-A64F-1F22F1BA9EF6} = {DFD2F102-3464-4C89-A6E6-29F7691FEA80}
		{667C0859-FC2E-4F74-9B18-73BE03271CD6} = {DFD2F102-3464-4C89-A6E6-29F7691FEA80}
		{031F9950-1189-4318-AB61-6DB4797C0DBF} = {DFD2F102-3464-4C89-A6E6-29F7691FEA80}
		{262A47B5-44F4-4ABA-958A-D4273DC12247} = {DFD2F102-3464-4C89-A6E6-29F7691FEA80}
		{C86BC4BA-3007-4784-80AF-58B3B3D1110B} = {DFD2F102-3464-4C89-A6E6-29F7691FEA80}
		{96EAA1A1-2974-42EE-B46C-67ABD11049A3} = {DFD2F102-3464-4C89-A6E6-29F7691FEA80}
		{18050CA9-4C6A-49AF-932C-D8D26504822A} = {57DF6EF2-B4E2-48D4-96DE-E2F1D267CA04}
		{9873B979-4EC7-472F-896A-01615EFAE200} = {DFD2F102-3464-4C89-A6E6-29F7691FEA80}
	EndGlobalSection
	GlobalSection(ExtensibilityGlobals) = postSolution
		SolutionGuid = {F6D745B1-421C-4AB0-ACAC-7928DC05C366}
	EndGlobalSection
EndGlobal
